// !$*UTF8*$!
{
	archiveVersion = 1;
	classes = {
	};
	objectVersion = 48;
	objects = {

/* Begin PBXBuildFile section */
		E6019FAD2015243F004E73A5 /* Info-iOS.plist in Resources */ = {isa = PBXBuildFile; fileRef = E6019FA72015243B004E73A5 /* Info-iOS.plist */; };
		E6019FAE20152443004E73A5 /* Info-iOSTests.plist in Resources */ = {isa = PBXBuildFile; fileRef = E6019FAA2015243B004E73A5 /* Info-iOSTests.plist */; };
		E6019FAF20152446004E73A5 /* Info-macOS.plist in Resources */ = {isa = PBXBuildFile; fileRef = E6019FAB2015243B004E73A5 /* Info-macOS.plist */; };
		E6019FB020152449004E73A5 /* Info-macOSTests.plist in Resources */ = {isa = PBXBuildFile; fileRef = E6019FAC2015243B004E73A5 /* Info-macOSTests.plist */; };
		E6019FB12015244C004E73A5 /* Info-tvOS.plist in Resources */ = {isa = PBXBuildFile; fileRef = E6019FA82015243B004E73A5 /* Info-tvOS.plist */; };
		E6019FB220152450004E73A5 /* Info-tvOSTests.plist in Resources */ = {isa = PBXBuildFile; fileRef = E6019FA92015243B004E73A5 /* Info-tvOSTests.plist */; };
		E6447F46201521100074E963 /* CryptoExchange.framework in Frameworks */ = {isa = PBXBuildFile; fileRef = E6447F3C201521100074E963 /* CryptoExchange.framework */; };
		E6447F4D201521100074E963 /* CryptoExchange.h in Headers */ = {isa = PBXBuildFile; fileRef = E6447F3F201521100074E963 /* CryptoExchange.h */; settings = {ATTRIBUTES = (Public, ); }; };
		E6447FB5201522EE0074E963 /* CryptoExchange.framework in Frameworks */ = {isa = PBXBuildFile; fileRef = E6447FAC201522EE0074E963 /* CryptoExchange.framework */; };
		E6447FD1201522FD0074E963 /* CryptoExchange.framework in Frameworks */ = {isa = PBXBuildFile; fileRef = E6447FC8201522FD0074E963 /* CryptoExchange.framework */; };
		E65BE293201528A5001F1980 /* CryptoExchange.h in Headers */ = {isa = PBXBuildFile; fileRef = E6447F3F201521100074E963 /* CryptoExchange.h */; };
		E65BE294201528A6001F1980 /* CryptoExchange.h in Headers */ = {isa = PBXBuildFile; fileRef = E6447F3F201521100074E963 /* CryptoExchange.h */; };
		E65BE29B20152AA9001F1980 /* CurrencyProtocols.swift in Sources */ = {isa = PBXBuildFile; fileRef = E65BE29720152AA9001F1980 /* CurrencyProtocols.swift */; };
		E65BE29C20152AA9001F1980 /* CurrencyProtocols.swift in Sources */ = {isa = PBXBuildFile; fileRef = E65BE29720152AA9001F1980 /* CurrencyProtocols.swift */; };
		E65BE29D20152AA9001F1980 /* CurrencyProtocols.swift in Sources */ = {isa = PBXBuildFile; fileRef = E65BE29720152AA9001F1980 /* CurrencyProtocols.swift */; };
		E65BE29E20152AA9001F1980 /* FiatCurrency.swift in Sources */ = {isa = PBXBuildFile; fileRef = E65BE29820152AA9001F1980 /* FiatCurrency.swift */; };
		E65BE29F20152AA9001F1980 /* FiatCurrency.swift in Sources */ = {isa = PBXBuildFile; fileRef = E65BE29820152AA9001F1980 /* FiatCurrency.swift */; };
		E65BE2A020152AA9001F1980 /* FiatCurrency.swift in Sources */ = {isa = PBXBuildFile; fileRef = E65BE29820152AA9001F1980 /* FiatCurrency.swift */; };
		E65BE2A120152AA9001F1980 /* CryptoCurrency.swift in Sources */ = {isa = PBXBuildFile; fileRef = E65BE29920152AA9001F1980 /* CryptoCurrency.swift */; };
		E65BE2A220152AA9001F1980 /* CryptoCurrency.swift in Sources */ = {isa = PBXBuildFile; fileRef = E65BE29920152AA9001F1980 /* CryptoCurrency.swift */; };
		E65BE2A320152AA9001F1980 /* CryptoCurrency.swift in Sources */ = {isa = PBXBuildFile; fileRef = E65BE29920152AA9001F1980 /* CryptoCurrency.swift */; };
		E65BE2A420152AA9001F1980 /* EnumCollection.swift in Sources */ = {isa = PBXBuildFile; fileRef = E65BE29A20152AA9001F1980 /* EnumCollection.swift */; };
		E65BE2A520152AA9001F1980 /* EnumCollection.swift in Sources */ = {isa = PBXBuildFile; fileRef = E65BE29A20152AA9001F1980 /* EnumCollection.swift */; };
		E65BE2A620152AA9001F1980 /* EnumCollection.swift in Sources */ = {isa = PBXBuildFile; fileRef = E65BE29A20152AA9001F1980 /* EnumCollection.swift */; };
		E65BE2B120152AD9001F1980 /* CryptoCurrencyTests.swift in Sources */ = {isa = PBXBuildFile; fileRef = E65BE2A820152ABA001F1980 /* CryptoCurrencyTests.swift */; };
		E65BE2B220152AD9001F1980 /* FiatCurrencyTests.swift in Sources */ = {isa = PBXBuildFile; fileRef = E65BE2A920152ABA001F1980 /* FiatCurrencyTests.swift */; };
		E65BE2B320152ADA001F1980 /* CryptoCurrencyTests.swift in Sources */ = {isa = PBXBuildFile; fileRef = E65BE2A820152ABA001F1980 /* CryptoCurrencyTests.swift */; };
		E65BE2B420152ADA001F1980 /* FiatCurrencyTests.swift in Sources */ = {isa = PBXBuildFile; fileRef = E65BE2A920152ABA001F1980 /* FiatCurrencyTests.swift */; };
		E65BE2B520152ADB001F1980 /* CryptoCurrencyTests.swift in Sources */ = {isa = PBXBuildFile; fileRef = E65BE2A820152ABA001F1980 /* CryptoCurrencyTests.swift */; };
		E65BE2B620152ADB001F1980 /* FiatCurrencyTests.swift in Sources */ = {isa = PBXBuildFile; fileRef = E65BE2A920152ABA001F1980 /* FiatCurrencyTests.swift */; };
		E66AE54A2015455B0007E381 /* ExchangeRate.swift in Sources */ = {isa = PBXBuildFile; fileRef = E66AE5492015455B0007E381 /* ExchangeRate.swift */; };
		E66AE54B2015455B0007E381 /* ExchangeRate.swift in Sources */ = {isa = PBXBuildFile; fileRef = E66AE5492015455B0007E381 /* ExchangeRate.swift */; };
		E66AE54C2015455B0007E381 /* ExchangeRate.swift in Sources */ = {isa = PBXBuildFile; fileRef = E66AE5492015455B0007E381 /* ExchangeRate.swift */; };
		E66AE54F2015457C0007E381 /* Coinbase.swift in Sources */ = {isa = PBXBuildFile; fileRef = E66AE54D2015457C0007E381 /* Coinbase.swift */; };
		E66AE5502015457C0007E381 /* Coinbase.swift in Sources */ = {isa = PBXBuildFile; fileRef = E66AE54D2015457C0007E381 /* Coinbase.swift */; };
		E66AE5512015457C0007E381 /* Coinbase.swift in Sources */ = {isa = PBXBuildFile; fileRef = E66AE54D2015457C0007E381 /* Coinbase.swift */; };
		E66AE5522015457C0007E381 /* Exchanges.swift in Sources */ = {isa = PBXBuildFile; fileRef = E66AE54E2015457C0007E381 /* Exchanges.swift */; };
		E66AE5532015457C0007E381 /* Exchanges.swift in Sources */ = {isa = PBXBuildFile; fileRef = E66AE54E2015457C0007E381 /* Exchanges.swift */; };
		E66AE5542015457C0007E381 /* Exchanges.swift in Sources */ = {isa = PBXBuildFile; fileRef = E66AE54E2015457C0007E381 /* Exchanges.swift */; };
		E66AE556201573D10007E381 /* Credentials.swift in Sources */ = {isa = PBXBuildFile; fileRef = E66AE555201573D10007E381 /* Credentials.swift */; };
		E66AE557201573D10007E381 /* Credentials.swift in Sources */ = {isa = PBXBuildFile; fileRef = E66AE555201573D10007E381 /* Credentials.swift */; };
		E66AE558201573D10007E381 /* Credentials.swift in Sources */ = {isa = PBXBuildFile; fileRef = E66AE555201573D10007E381 /* Credentials.swift */; };
		E66AE55A2015743B0007E381 /* CoinbaseAPIEndpoints.swift in Sources */ = {isa = PBXBuildFile; fileRef = E66AE5592015743B0007E381 /* CoinbaseAPIEndpoints.swift */; };
		E66AE55B2015743B0007E381 /* CoinbaseAPIEndpoints.swift in Sources */ = {isa = PBXBuildFile; fileRef = E66AE5592015743B0007E381 /* CoinbaseAPIEndpoints.swift */; };
		E66AE55C2015743B0007E381 /* CoinbaseAPIEndpoints.swift in Sources */ = {isa = PBXBuildFile; fileRef = E66AE5592015743B0007E381 /* CoinbaseAPIEndpoints.swift */; };
		E66AE5612017720A0007E381 /* CoinbaseAPIEndpointsTests.swift in Sources */ = {isa = PBXBuildFile; fileRef = E66AE5602017720A0007E381 /* CoinbaseAPIEndpointsTests.swift */; };
		E66AE5622017720A0007E381 /* CoinbaseAPIEndpointsTests.swift in Sources */ = {isa = PBXBuildFile; fileRef = E66AE5602017720A0007E381 /* CoinbaseAPIEndpointsTests.swift */; };
		E66AE5632017720A0007E381 /* CoinbaseAPIEndpointsTests.swift in Sources */ = {isa = PBXBuildFile; fileRef = E66AE5602017720A0007E381 /* CoinbaseAPIEndpointsTests.swift */; };
		E6A3B7D7201C0CD8005B579A /* AccessToken.swift in Sources */ = {isa = PBXBuildFile; fileRef = E6A3B7D6201C0CD8005B579A /* AccessToken.swift */; };
		E6A3B7D8201C0CD8005B579A /* AccessToken.swift in Sources */ = {isa = PBXBuildFile; fileRef = E6A3B7D6201C0CD8005B579A /* AccessToken.swift */; };
		E6A3B7D9201C0CD8005B579A /* AccessToken.swift in Sources */ = {isa = PBXBuildFile; fileRef = E6A3B7D6201C0CD8005B579A /* AccessToken.swift */; };
		E6B0BD05201A9ED5004758EB /* CoinbaseTests.swift in Sources */ = {isa = PBXBuildFile; fileRef = E6B0BD04201A9ED5004758EB /* CoinbaseTests.swift */; };
		E6B0BD06201A9ED5004758EB /* CoinbaseTests.swift in Sources */ = {isa = PBXBuildFile; fileRef = E6B0BD04201A9ED5004758EB /* CoinbaseTests.swift */; };
		E6B0BD07201A9ED5004758EB /* CoinbaseTests.swift in Sources */ = {isa = PBXBuildFile; fileRef = E6B0BD04201A9ED5004758EB /* CoinbaseTests.swift */; };
		E6B0BD0A201A9FE0004758EB /* ExchangesTests.swift in Sources */ = {isa = PBXBuildFile; fileRef = E6B0BD09201A9FE0004758EB /* ExchangesTests.swift */; };
		E6B0BD0B201A9FE0004758EB /* ExchangesTests.swift in Sources */ = {isa = PBXBuildFile; fileRef = E6B0BD09201A9FE0004758EB /* ExchangesTests.swift */; };
		E6B0BD0C201A9FE0004758EB /* ExchangesTests.swift in Sources */ = {isa = PBXBuildFile; fileRef = E6B0BD09201A9FE0004758EB /* ExchangesTests.swift */; };
/* End PBXBuildFile section */

/* Begin PBXContainerItemProxy section */
		E6447F47201521100074E963 /* PBXContainerItemProxy */ = {
			isa = PBXContainerItemProxy;
			containerPortal = E6447F3120151DD50074E963 /* Project object */;
			proxyType = 1;
			remoteGlobalIDString = E6447F3B201521100074E963;
			remoteInfo = "CryptoExchange iOS";
		};
		E6447FB6201522EE0074E963 /* PBXContainerItemProxy */ = {
			isa = PBXContainerItemProxy;
			containerPortal = E6447F3120151DD50074E963 /* Project object */;
			proxyType = 1;
			remoteGlobalIDString = E6447FAB201522EE0074E963;
			remoteInfo = "CryptoExchange tvOS";
		};
		E6447FD2201522FD0074E963 /* PBXContainerItemProxy */ = {
			isa = PBXContainerItemProxy;
			containerPortal = E6447F3120151DD50074E963 /* Project object */;
			proxyType = 1;
			remoteGlobalIDString = E6447FC7201522FD0074E963;
			remoteInfo = "CryptoExchange macOS";
		};
/* End PBXContainerItemProxy section */

/* Begin PBXFileReference section */
		E6019FA72015243B004E73A5 /* Info-iOS.plist */ = {isa = PBXFileReference; lastKnownFileType = text.plist.xml; path = "Info-iOS.plist"; sourceTree = "<group>"; };
		E6019FA82015243B004E73A5 /* Info-tvOS.plist */ = {isa = PBXFileReference; lastKnownFileType = text.plist.xml; path = "Info-tvOS.plist"; sourceTree = "<group>"; };
		E6019FA92015243B004E73A5 /* Info-tvOSTests.plist */ = {isa = PBXFileReference; lastKnownFileType = text.plist.xml; path = "Info-tvOSTests.plist"; sourceTree = "<group>"; };
		E6019FAA2015243B004E73A5 /* Info-iOSTests.plist */ = {isa = PBXFileReference; lastKnownFileType = text.plist.xml; path = "Info-iOSTests.plist"; sourceTree = "<group>"; };
		E6019FAB2015243B004E73A5 /* Info-macOS.plist */ = {isa = PBXFileReference; lastKnownFileType = text.plist.xml; path = "Info-macOS.plist"; sourceTree = "<group>"; };
		E6019FAC2015243B004E73A5 /* Info-macOSTests.plist */ = {isa = PBXFileReference; lastKnownFileType = text.plist.xml; path = "Info-macOSTests.plist"; sourceTree = "<group>"; };
		E6447F3C201521100074E963 /* CryptoExchange.framework */ = {isa = PBXFileReference; explicitFileType = wrapper.framework; includeInIndex = 0; path = CryptoExchange.framework; sourceTree = BUILT_PRODUCTS_DIR; };
		E6447F3F201521100074E963 /* CryptoExchange.h */ = {isa = PBXFileReference; lastKnownFileType = sourcecode.c.h; path = CryptoExchange.h; sourceTree = "<group>"; };
		E6447F45201521100074E963 /* CryptoExchangeTests.xctest */ = {isa = PBXFileReference; explicitFileType = wrapper.cfbundle; includeInIndex = 0; path = CryptoExchangeTests.xctest; sourceTree = BUILT_PRODUCTS_DIR; };
		E6447FAC201522EE0074E963 /* CryptoExchange.framework */ = {isa = PBXFileReference; explicitFileType = wrapper.framework; includeInIndex = 0; path = CryptoExchange.framework; sourceTree = BUILT_PRODUCTS_DIR; };
		E6447FB4201522EE0074E963 /* CryptoExchangeTests.xctest */ = {isa = PBXFileReference; explicitFileType = wrapper.cfbundle; includeInIndex = 0; path = CryptoExchangeTests.xctest; sourceTree = BUILT_PRODUCTS_DIR; };
		E6447FC8201522FD0074E963 /* CryptoExchange.framework */ = {isa = PBXFileReference; explicitFileType = wrapper.framework; includeInIndex = 0; path = CryptoExchange.framework; sourceTree = BUILT_PRODUCTS_DIR; };
		E6447FD0201522FD0074E963 /* CryptoExchangeTests.xctest */ = {isa = PBXFileReference; explicitFileType = wrapper.cfbundle; includeInIndex = 0; path = CryptoExchangeTests.xctest; sourceTree = BUILT_PRODUCTS_DIR; };
		E65BE29720152AA9001F1980 /* CurrencyProtocols.swift */ = {isa = PBXFileReference; fileEncoding = 4; lastKnownFileType = sourcecode.swift; path = CurrencyProtocols.swift; sourceTree = "<group>"; };
		E65BE29820152AA9001F1980 /* FiatCurrency.swift */ = {isa = PBXFileReference; fileEncoding = 4; lastKnownFileType = sourcecode.swift; path = FiatCurrency.swift; sourceTree = "<group>"; };
		E65BE29920152AA9001F1980 /* CryptoCurrency.swift */ = {isa = PBXFileReference; fileEncoding = 4; lastKnownFileType = sourcecode.swift; path = CryptoCurrency.swift; sourceTree = "<group>"; };
		E65BE29A20152AA9001F1980 /* EnumCollection.swift */ = {isa = PBXFileReference; fileEncoding = 4; lastKnownFileType = sourcecode.swift; path = EnumCollection.swift; sourceTree = "<group>"; };
		E65BE2A820152ABA001F1980 /* CryptoCurrencyTests.swift */ = {isa = PBXFileReference; fileEncoding = 4; lastKnownFileType = sourcecode.swift; path = CryptoCurrencyTests.swift; sourceTree = "<group>"; };
		E65BE2A920152ABA001F1980 /* FiatCurrencyTests.swift */ = {isa = PBXFileReference; fileEncoding = 4; lastKnownFileType = sourcecode.swift; path = FiatCurrencyTests.swift; sourceTree = "<group>"; };
		E66AE5492015455B0007E381 /* ExchangeRate.swift */ = {isa = PBXFileReference; lastKnownFileType = sourcecode.swift; path = ExchangeRate.swift; sourceTree = "<group>"; };
		E66AE54D2015457C0007E381 /* Coinbase.swift */ = {isa = PBXFileReference; fileEncoding = 4; lastKnownFileType = sourcecode.swift; path = Coinbase.swift; sourceTree = "<group>"; };
		E66AE54E2015457C0007E381 /* Exchanges.swift */ = {isa = PBXFileReference; fileEncoding = 4; lastKnownFileType = sourcecode.swift; path = Exchanges.swift; sourceTree = "<group>"; };
		E66AE555201573D10007E381 /* Credentials.swift */ = {isa = PBXFileReference; lastKnownFileType = sourcecode.swift; path = Credentials.swift; sourceTree = "<group>"; };
		E66AE5592015743B0007E381 /* CoinbaseAPIEndpoints.swift */ = {isa = PBXFileReference; lastKnownFileType = sourcecode.swift; path = CoinbaseAPIEndpoints.swift; sourceTree = "<group>"; };
		E66AE5602017720A0007E381 /* CoinbaseAPIEndpointsTests.swift */ = {isa = PBXFileReference; lastKnownFileType = sourcecode.swift; path = CoinbaseAPIEndpointsTests.swift; sourceTree = "<group>"; };
		E6A3B7D6201C0CD8005B579A /* AccessToken.swift */ = {isa = PBXFileReference; lastKnownFileType = sourcecode.swift; path = AccessToken.swift; sourceTree = "<group>"; };
		E6B0BD04201A9ED5004758EB /* CoinbaseTests.swift */ = {isa = PBXFileReference; lastKnownFileType = sourcecode.swift; path = CoinbaseTests.swift; sourceTree = "<group>"; };
		E6B0BD09201A9FE0004758EB /* ExchangesTests.swift */ = {isa = PBXFileReference; lastKnownFileType = sourcecode.swift; path = ExchangesTests.swift; sourceTree = "<group>"; };
/* End PBXFileReference section */

/* Begin PBXFrameworksBuildPhase section */
		E6447F38201521100074E963 /* Frameworks */ = {
			isa = PBXFrameworksBuildPhase;
			buildActionMask = 2147483647;
			files = (
			);
			runOnlyForDeploymentPostprocessing = 0;
		};
		E6447F42201521100074E963 /* Frameworks */ = {
			isa = PBXFrameworksBuildPhase;
			buildActionMask = 2147483647;
			files = (
				E6447F46201521100074E963 /* CryptoExchange.framework in Frameworks */,
			);
			runOnlyForDeploymentPostprocessing = 0;
		};
		E6447FA8201522EE0074E963 /* Frameworks */ = {
			isa = PBXFrameworksBuildPhase;
			buildActionMask = 2147483647;
			files = (
			);
			runOnlyForDeploymentPostprocessing = 0;
		};
		E6447FB1201522EE0074E963 /* Frameworks */ = {
			isa = PBXFrameworksBuildPhase;
			buildActionMask = 2147483647;
			files = (
				E6447FB5201522EE0074E963 /* CryptoExchange.framework in Frameworks */,
			);
			runOnlyForDeploymentPostprocessing = 0;
		};
		E6447FC4201522FD0074E963 /* Frameworks */ = {
			isa = PBXFrameworksBuildPhase;
			buildActionMask = 2147483647;
			files = (
			);
			runOnlyForDeploymentPostprocessing = 0;
		};
		E6447FCD201522FD0074E963 /* Frameworks */ = {
			isa = PBXFrameworksBuildPhase;
			buildActionMask = 2147483647;
			files = (
				E6447FD1201522FD0074E963 /* CryptoExchange.framework in Frameworks */,
			);
			runOnlyForDeploymentPostprocessing = 0;
		};
/* End PBXFrameworksBuildPhase section */

/* Begin PBXGroup section */
		E6447F3020151DD50074E963 = {
			isa = PBXGroup;
			children = (
				E6447F8C201521FB0074E963 /* Sources */,
				E65BE295201529C8001F1980 /* Tests */,
				E6447F3D201521100074E963 /* Products */,
			);
			sourceTree = "<group>";
		};
		E6447F3D201521100074E963 /* Products */ = {
			isa = PBXGroup;
			children = (
				E6447F3C201521100074E963 /* CryptoExchange.framework */,
				E6447F45201521100074E963 /* CryptoExchangeTests.xctest */,
				E6447FAC201522EE0074E963 /* CryptoExchange.framework */,
				E6447FB4201522EE0074E963 /* CryptoExchangeTests.xctest */,
				E6447FC8201522FD0074E963 /* CryptoExchange.framework */,
				E6447FD0201522FD0074E963 /* CryptoExchangeTests.xctest */,
			);
			name = Products;
			sourceTree = "<group>";
		};
		E6447F8C201521FB0074E963 /* Sources */ = {
			isa = PBXGroup;
			children = (
				E6B0BD33201AD293004758EB /* Networking */,
				E65BE2C720153CB0001F1980 /* Exchanges */,
				E65BE29620152AA9001F1980 /* Currency */,
				E65BE29A20152AA9001F1980 /* EnumCollection.swift */,
				E6447F3F201521100074E963 /* CryptoExchange.h */,
				E6019FA72015243B004E73A5 /* Info-iOS.plist */,
				E6019FAB2015243B004E73A5 /* Info-macOS.plist */,
				E6019FA82015243B004E73A5 /* Info-tvOS.plist */,
			);
			path = Sources;
			sourceTree = "<group>";
		};
		E65BE295201529C8001F1980 /* Tests */ = {
			isa = PBXGroup;
			children = (
				E66AE55E201771D90007E381 /* Exchanges */,
				E65BE2A720152ABA001F1980 /* Currency */,
				E6019FAA2015243B004E73A5 /* Info-iOSTests.plist */,
				E6019FAC2015243B004E73A5 /* Info-macOSTests.plist */,
				E6019FA92015243B004E73A5 /* Info-tvOSTests.plist */,
			);
			path = Tests;
			sourceTree = "<group>";
		};
		E65BE29620152AA9001F1980 /* Currency */ = {
			isa = PBXGroup;
			children = (
				E65BE29720152AA9001F1980 /* CurrencyProtocols.swift */,
				E65BE29820152AA9001F1980 /* FiatCurrency.swift */,
				E65BE29920152AA9001F1980 /* CryptoCurrency.swift */,
			);
			path = Currency;
			sourceTree = "<group>";
		};
		E65BE2A720152ABA001F1980 /* Currency */ = {
			isa = PBXGroup;
			children = (
				E65BE2A820152ABA001F1980 /* CryptoCurrencyTests.swift */,
				E65BE2A920152ABA001F1980 /* FiatCurrencyTests.swift */,
			);
			path = Currency;
			sourceTree = "<group>";
		};
		E65BE2C720153CB0001F1980 /* Exchanges */ = {
			isa = PBXGroup;
			children = (
				E66AE54E2015457C0007E381 /* Exchanges.swift */,
				E66AE548201545520007E381 /* Coinbase */,
				E66AE5492015455B0007E381 /* ExchangeRate.swift */,
				E66AE555201573D10007E381 /* Credentials.swift */,
			);
			path = Exchanges;
			sourceTree = "<group>";
		};
		E66AE548201545520007E381 /* Coinbase */ = {
			isa = PBXGroup;
			children = (
				E66AE55D201583880007E381 /* Models */,
				E66AE54D2015457C0007E381 /* Coinbase.swift */,
				E66AE5592015743B0007E381 /* CoinbaseAPIEndpoints.swift */,
			);
			path = Coinbase;
			sourceTree = "<group>";
		};
		E66AE55D201583880007E381 /* Models */ = {
			isa = PBXGroup;
			children = (
				E6A3B7D6201C0CD8005B579A /* AccessToken.swift */,
			);
			path = Models;
			sourceTree = "<group>";
		};
		E66AE55E201771D90007E381 /* Exchanges */ = {
			isa = PBXGroup;
			children = (
				E66AE55F201771E90007E381 /* Coinbase */,
				E6B0BD09201A9FE0004758EB /* ExchangesTests.swift */,
			);
			path = Exchanges;
			sourceTree = "<group>";
		};
		E66AE55F201771E90007E381 /* Coinbase */ = {
			isa = PBXGroup;
			children = (
				E66AE5602017720A0007E381 /* CoinbaseAPIEndpointsTests.swift */,
				E6B0BD04201A9ED5004758EB /* CoinbaseTests.swift */,
			);
			path = Coinbase;
			sourceTree = "<group>";
		};
		E6B0BD33201AD293004758EB /* Networking */ = {
			isa = PBXGroup;
			children = (
			);
			path = Networking;
			sourceTree = "<group>";
		};
/* End PBXGroup section */

/* Begin PBXHeadersBuildPhase section */
		E6447F39201521100074E963 /* Headers */ = {
			isa = PBXHeadersBuildPhase;
			buildActionMask = 2147483647;
			files = (
				E6447F4D201521100074E963 /* CryptoExchange.h in Headers */,
			);
			runOnlyForDeploymentPostprocessing = 0;
		};
		E6447FA9201522EE0074E963 /* Headers */ = {
			isa = PBXHeadersBuildPhase;
			buildActionMask = 2147483647;
			files = (
				E65BE293201528A5001F1980 /* CryptoExchange.h in Headers */,
			);
			runOnlyForDeploymentPostprocessing = 0;
		};
		E6447FC5201522FD0074E963 /* Headers */ = {
			isa = PBXHeadersBuildPhase;
			buildActionMask = 2147483647;
			files = (
				E65BE294201528A6001F1980 /* CryptoExchange.h in Headers */,
			);
			runOnlyForDeploymentPostprocessing = 0;
		};
/* End PBXHeadersBuildPhase section */

/* Begin PBXNativeTarget section */
		E6447F3B201521100074E963 /* CryptoExchange iOS */ = {
			isa = PBXNativeTarget;
			buildConfigurationList = E6447F52201521100074E963 /* Build configuration list for PBXNativeTarget "CryptoExchange iOS" */;
			buildPhases = (
				E6447F37201521100074E963 /* Sources */,
				E6447F38201521100074E963 /* Frameworks */,
				E6447F39201521100074E963 /* Headers */,
				E6447F3A201521100074E963 /* Resources */,
			);
			buildRules = (
			);
			dependencies = (
			);
			name = "CryptoExchange iOS";
			productName = "CryptoExchange iOS";
			productReference = E6447F3C201521100074E963 /* CryptoExchange.framework */;
			productType = "com.apple.product-type.framework";
		};
		E6447F44201521100074E963 /* CryptoExchange iOSTests */ = {
			isa = PBXNativeTarget;
			buildConfigurationList = E6447F53201521100074E963 /* Build configuration list for PBXNativeTarget "CryptoExchange iOSTests" */;
			buildPhases = (
				E6447F41201521100074E963 /* Sources */,
				E6447F42201521100074E963 /* Frameworks */,
				E6447F43201521100074E963 /* Resources */,
			);
			buildRules = (
			);
			dependencies = (
				E6447F48201521100074E963 /* PBXTargetDependency */,
			);
			name = "CryptoExchange iOSTests";
			productName = "CryptoExchange iOSTests";
			productReference = E6447F45201521100074E963 /* CryptoExchangeTests.xctest */;
			productType = "com.apple.product-type.bundle.unit-test";
		};
		E6447FAB201522EE0074E963 /* CryptoExchange tvOS */ = {
			isa = PBXNativeTarget;
			buildConfigurationList = E6447FBD201522EE0074E963 /* Build configuration list for PBXNativeTarget "CryptoExchange tvOS" */;
			buildPhases = (
				E6447FA7201522EE0074E963 /* Sources */,
				E6447FA8201522EE0074E963 /* Frameworks */,
				E6447FA9201522EE0074E963 /* Headers */,
				E6447FAA201522EE0074E963 /* Resources */,
			);
			buildRules = (
			);
			dependencies = (
			);
			name = "CryptoExchange tvOS";
			productName = "CryptoExchange tvOS";
			productReference = E6447FAC201522EE0074E963 /* CryptoExchange.framework */;
			productType = "com.apple.product-type.framework";
		};
		E6447FB3201522EE0074E963 /* CryptoExchange tvOSTests */ = {
			isa = PBXNativeTarget;
			buildConfigurationList = E6447FC0201522EE0074E963 /* Build configuration list for PBXNativeTarget "CryptoExchange tvOSTests" */;
			buildPhases = (
				E6447FB0201522EE0074E963 /* Sources */,
				E6447FB1201522EE0074E963 /* Frameworks */,
				E6447FB2201522EE0074E963 /* Resources */,
			);
			buildRules = (
			);
			dependencies = (
				E6447FB7201522EE0074E963 /* PBXTargetDependency */,
			);
			name = "CryptoExchange tvOSTests";
			productName = "CryptoExchange tvOSTests";
			productReference = E6447FB4201522EE0074E963 /* CryptoExchangeTests.xctest */;
			productType = "com.apple.product-type.bundle.unit-test";
		};
		E6447FC7201522FD0074E963 /* CryptoExchange macOS */ = {
			isa = PBXNativeTarget;
			buildConfigurationList = E6447FD9201522FD0074E963 /* Build configuration list for PBXNativeTarget "CryptoExchange macOS" */;
			buildPhases = (
				E6447FC3201522FD0074E963 /* Sources */,
				E6447FC4201522FD0074E963 /* Frameworks */,
				E6447FC5201522FD0074E963 /* Headers */,
				E6447FC6201522FD0074E963 /* Resources */,
			);
			buildRules = (
			);
			dependencies = (
			);
			name = "CryptoExchange macOS";
			productName = "CryptoExchange macOS";
			productReference = E6447FC8201522FD0074E963 /* CryptoExchange.framework */;
			productType = "com.apple.product-type.framework";
		};
		E6447FCF201522FD0074E963 /* CryptoExchange macOSTests */ = {
			isa = PBXNativeTarget;
			buildConfigurationList = E6447FDC201522FD0074E963 /* Build configuration list for PBXNativeTarget "CryptoExchange macOSTests" */;
			buildPhases = (
				E6447FCC201522FD0074E963 /* Sources */,
				E6447FCD201522FD0074E963 /* Frameworks */,
				E6447FCE201522FD0074E963 /* Resources */,
			);
			buildRules = (
			);
			dependencies = (
				E6447FD3201522FD0074E963 /* PBXTargetDependency */,
			);
			name = "CryptoExchange macOSTests";
			productName = "CryptoExchange macOSTests";
			productReference = E6447FD0201522FD0074E963 /* CryptoExchangeTests.xctest */;
			productType = "com.apple.product-type.bundle.unit-test";
		};
/* End PBXNativeTarget section */

/* Begin PBXProject section */
		E6447F3120151DD50074E963 /* Project object */ = {
			isa = PBXProject;
			attributes = {
				LastSwiftUpdateCheck = 0920;
				LastUpgradeCheck = 0920;
				TargetAttributes = {
					E6447F3B201521100074E963 = {
						CreatedOnToolsVersion = 9.2;
						LastSwiftMigration = 0920;
						ProvisioningStyle = Automatic;
					};
					E6447F44201521100074E963 = {
						CreatedOnToolsVersion = 9.2;
						ProvisioningStyle = Automatic;
					};
					E6447FAB201522EE0074E963 = {
						CreatedOnToolsVersion = 9.2;
						LastSwiftMigration = 0920;
						ProvisioningStyle = Automatic;
					};
					E6447FB3201522EE0074E963 = {
						CreatedOnToolsVersion = 9.2;
						ProvisioningStyle = Automatic;
					};
					E6447FC7201522FD0074E963 = {
						CreatedOnToolsVersion = 9.2;
						LastSwiftMigration = 0920;
						ProvisioningStyle = Automatic;
					};
					E6447FCF201522FD0074E963 = {
						CreatedOnToolsVersion = 9.2;
						ProvisioningStyle = Automatic;
					};
				};
			};
			buildConfigurationList = E6447F3420151DD50074E963 /* Build configuration list for PBXProject "CryptoExchange" */;
			compatibilityVersion = "Xcode 8.0";
			developmentRegion = en;
			hasScannedForEncodings = 0;
			knownRegions = (
				en,
			);
			mainGroup = E6447F3020151DD50074E963;
			productRefGroup = E6447F3D201521100074E963 /* Products */;
			projectDirPath = "";
			projectRoot = "";
			targets = (
				E6447F3B201521100074E963 /* CryptoExchange iOS */,
				E6447F44201521100074E963 /* CryptoExchange iOSTests */,
				E6447FAB201522EE0074E963 /* CryptoExchange tvOS */,
				E6447FB3201522EE0074E963 /* CryptoExchange tvOSTests */,
				E6447FC7201522FD0074E963 /* CryptoExchange macOS */,
				E6447FCF201522FD0074E963 /* CryptoExchange macOSTests */,
			);
		};
/* End PBXProject section */

/* Begin PBXResourcesBuildPhase section */
		E6447F3A201521100074E963 /* Resources */ = {
			isa = PBXResourcesBuildPhase;
			buildActionMask = 2147483647;
			files = (
				E6019FAD2015243F004E73A5 /* Info-iOS.plist in Resources */,
			);
			runOnlyForDeploymentPostprocessing = 0;
		};
		E6447F43201521100074E963 /* Resources */ = {
			isa = PBXResourcesBuildPhase;
			buildActionMask = 2147483647;
			files = (
				E6019FAE20152443004E73A5 /* Info-iOSTests.plist in Resources */,
			);
			runOnlyForDeploymentPostprocessing = 0;
		};
		E6447FAA201522EE0074E963 /* Resources */ = {
			isa = PBXResourcesBuildPhase;
			buildActionMask = 2147483647;
			files = (
				E6019FB12015244C004E73A5 /* Info-tvOS.plist in Resources */,
			);
			runOnlyForDeploymentPostprocessing = 0;
		};
		E6447FB2201522EE0074E963 /* Resources */ = {
			isa = PBXResourcesBuildPhase;
			buildActionMask = 2147483647;
			files = (
				E6019FB220152450004E73A5 /* Info-tvOSTests.plist in Resources */,
			);
			runOnlyForDeploymentPostprocessing = 0;
		};
		E6447FC6201522FD0074E963 /* Resources */ = {
			isa = PBXResourcesBuildPhase;
			buildActionMask = 2147483647;
			files = (
				E6019FAF20152446004E73A5 /* Info-macOS.plist in Resources */,
			);
			runOnlyForDeploymentPostprocessing = 0;
		};
		E6447FCE201522FD0074E963 /* Resources */ = {
			isa = PBXResourcesBuildPhase;
			buildActionMask = 2147483647;
			files = (
				E6019FB020152449004E73A5 /* Info-macOSTests.plist in Resources */,
			);
			runOnlyForDeploymentPostprocessing = 0;
		};
/* End PBXResourcesBuildPhase section */

/* Begin PBXSourcesBuildPhase section */
		E6447F37201521100074E963 /* Sources */ = {
			isa = PBXSourcesBuildPhase;
			buildActionMask = 2147483647;
			files = (
				E65BE2A420152AA9001F1980 /* EnumCollection.swift in Sources */,
				E66AE54A2015455B0007E381 /* ExchangeRate.swift in Sources */,
				E66AE556201573D10007E381 /* Credentials.swift in Sources */,
				E65BE29E20152AA9001F1980 /* FiatCurrency.swift in Sources */,
				E66AE55A2015743B0007E381 /* CoinbaseAPIEndpoints.swift in Sources */,
				E66AE54F2015457C0007E381 /* Coinbase.swift in Sources */,
				E66AE5522015457C0007E381 /* Exchanges.swift in Sources */,
				E65BE2A120152AA9001F1980 /* CryptoCurrency.swift in Sources */,
				E65BE29B20152AA9001F1980 /* CurrencyProtocols.swift in Sources */,
				E6A3B7D7201C0CD8005B579A /* AccessToken.swift in Sources */,
			);
			runOnlyForDeploymentPostprocessing = 0;
		};
		E6447F41201521100074E963 /* Sources */ = {
			isa = PBXSourcesBuildPhase;
			buildActionMask = 2147483647;
			files = (
				E65BE2B220152AD9001F1980 /* FiatCurrencyTests.swift in Sources */,
				E6B0BD0A201A9FE0004758EB /* ExchangesTests.swift in Sources */,
				E6B0BD05201A9ED5004758EB /* CoinbaseTests.swift in Sources */,
				E65BE2B120152AD9001F1980 /* CryptoCurrencyTests.swift in Sources */,
				E66AE5612017720A0007E381 /* CoinbaseAPIEndpointsTests.swift in Sources */,
			);
			runOnlyForDeploymentPostprocessing = 0;
		};
		E6447FA7201522EE0074E963 /* Sources */ = {
			isa = PBXSourcesBuildPhase;
			buildActionMask = 2147483647;
			files = (
				E65BE2A520152AA9001F1980 /* EnumCollection.swift in Sources */,
				E66AE54B2015455B0007E381 /* ExchangeRate.swift in Sources */,
				E66AE557201573D10007E381 /* Credentials.swift in Sources */,
				E65BE29F20152AA9001F1980 /* FiatCurrency.swift in Sources */,
				E66AE55B2015743B0007E381 /* CoinbaseAPIEndpoints.swift in Sources */,
				E66AE5502015457C0007E381 /* Coinbase.swift in Sources */,
				E66AE5532015457C0007E381 /* Exchanges.swift in Sources */,
				E65BE2A220152AA9001F1980 /* CryptoCurrency.swift in Sources */,
				E65BE29C20152AA9001F1980 /* CurrencyProtocols.swift in Sources */,
				E6A3B7D8201C0CD8005B579A /* AccessToken.swift in Sources */,
			);
			runOnlyForDeploymentPostprocessing = 0;
		};
		E6447FB0201522EE0074E963 /* Sources */ = {
			isa = PBXSourcesBuildPhase;
			buildActionMask = 2147483647;
			files = (
				E65BE2B420152ADA001F1980 /* FiatCurrencyTests.swift in Sources */,
				E6B0BD0B201A9FE0004758EB /* ExchangesTests.swift in Sources */,
				E6B0BD06201A9ED5004758EB /* CoinbaseTests.swift in Sources */,
				E65BE2B320152ADA001F1980 /* CryptoCurrencyTests.swift in Sources */,
				E66AE5622017720A0007E381 /* CoinbaseAPIEndpointsTests.swift in Sources */,
			);
			runOnlyForDeploymentPostprocessing = 0;
		};
		E6447FC3201522FD0074E963 /* Sources */ = {
			isa = PBXSourcesBuildPhase;
			buildActionMask = 2147483647;
			files = (
				E65BE2A620152AA9001F1980 /* EnumCollection.swift in Sources */,
				E66AE54C2015455B0007E381 /* ExchangeRate.swift in Sources */,
				E66AE558201573D10007E381 /* Credentials.swift in Sources */,
				E65BE2A020152AA9001F1980 /* FiatCurrency.swift in Sources */,
				E66AE55C2015743B0007E381 /* CoinbaseAPIEndpoints.swift in Sources */,
				E66AE5512015457C0007E381 /* Coinbase.swift in Sources */,
				E66AE5542015457C0007E381 /* Exchanges.swift in Sources */,
				E65BE2A320152AA9001F1980 /* CryptoCurrency.swift in Sources */,
				E65BE29D20152AA9001F1980 /* CurrencyProtocols.swift in Sources */,
				E6A3B7D9201C0CD8005B579A /* AccessToken.swift in Sources */,
			);
			runOnlyForDeploymentPostprocessing = 0;
		};
		E6447FCC201522FD0074E963 /* Sources */ = {
			isa = PBXSourcesBuildPhase;
			buildActionMask = 2147483647;
			files = (
				E65BE2B620152ADB001F1980 /* FiatCurrencyTests.swift in Sources */,
				E6B0BD0C201A9FE0004758EB /* ExchangesTests.swift in Sources */,
				E6B0BD07201A9ED5004758EB /* CoinbaseTests.swift in Sources */,
				E65BE2B520152ADB001F1980 /* CryptoCurrencyTests.swift in Sources */,
				E66AE5632017720A0007E381 /* CoinbaseAPIEndpointsTests.swift in Sources */,
			);
			runOnlyForDeploymentPostprocessing = 0;
		};
/* End PBXSourcesBuildPhase section */

/* Begin PBXTargetDependency section */
		E6447F48201521100074E963 /* PBXTargetDependency */ = {
			isa = PBXTargetDependency;
			target = E6447F3B201521100074E963 /* CryptoExchange iOS */;
			targetProxy = E6447F47201521100074E963 /* PBXContainerItemProxy */;
		};
		E6447FB7201522EE0074E963 /* PBXTargetDependency */ = {
			isa = PBXTargetDependency;
			target = E6447FAB201522EE0074E963 /* CryptoExchange tvOS */;
			targetProxy = E6447FB6201522EE0074E963 /* PBXContainerItemProxy */;
		};
		E6447FD3201522FD0074E963 /* PBXTargetDependency */ = {
			isa = PBXTargetDependency;
			target = E6447FC7201522FD0074E963 /* CryptoExchange macOS */;
			targetProxy = E6447FD2201522FD0074E963 /* PBXContainerItemProxy */;
		};
/* End PBXTargetDependency section */

/* Begin XCBuildConfiguration section */
		E6447F3520151DD50074E963 /* Debug */ = {
			isa = XCBuildConfiguration;
			buildSettings = {
				PRODUCT_NAME = "$(PROJECT_NAME)";
			};
			name = Debug;
		};
		E6447F3620151DD50074E963 /* Release */ = {
			isa = XCBuildConfiguration;
			buildSettings = {
				PRODUCT_NAME = "$(PROJECT_NAME)";
			};
			name = Release;
		};
		E6447F4E201521100074E963 /* Debug */ = {
			isa = XCBuildConfiguration;
			buildSettings = {
				ALWAYS_SEARCH_USER_PATHS = NO;
				CLANG_ANALYZER_NONNULL = YES;
				CLANG_ANALYZER_NUMBER_OBJECT_CONVERSION = YES_AGGRESSIVE;
				CLANG_CXX_LANGUAGE_STANDARD = "gnu++14";
				CLANG_CXX_LIBRARY = "libc++";
				CLANG_ENABLE_MODULES = YES;
				CLANG_ENABLE_OBJC_ARC = YES;
				CLANG_WARN_BLOCK_CAPTURE_AUTORELEASING = YES;
				CLANG_WARN_BOOL_CONVERSION = YES;
				CLANG_WARN_COMMA = YES;
				CLANG_WARN_CONSTANT_CONVERSION = YES;
				CLANG_WARN_DIRECT_OBJC_ISA_USAGE = YES_ERROR;
				CLANG_WARN_DOCUMENTATION_COMMENTS = YES;
				CLANG_WARN_EMPTY_BODY = YES;
				CLANG_WARN_ENUM_CONVERSION = YES;
				CLANG_WARN_INFINITE_RECURSION = YES;
				CLANG_WARN_INT_CONVERSION = YES;
				CLANG_WARN_NON_LITERAL_NULL_CONVERSION = YES;
				CLANG_WARN_OBJC_LITERAL_CONVERSION = YES;
				CLANG_WARN_OBJC_ROOT_CLASS = YES_ERROR;
				CLANG_WARN_RANGE_LOOP_ANALYSIS = YES;
				CLANG_WARN_STRICT_PROTOTYPES = YES;
				CLANG_WARN_SUSPICIOUS_MOVE = YES;
				CLANG_WARN_UNGUARDED_AVAILABILITY = YES_AGGRESSIVE;
				CLANG_WARN_UNREACHABLE_CODE = YES;
				CLANG_WARN__DUPLICATE_METHOD_MATCH = YES;
				CODE_SIGN_IDENTITY = "iPhone Developer";
				CODE_SIGN_STYLE = Automatic;
				COPY_PHASE_STRIP = NO;
				CURRENT_PROJECT_VERSION = 1;
				DEBUG_INFORMATION_FORMAT = dwarf;
				DEFINES_MODULE = YES;
				DYLIB_COMPATIBILITY_VERSION = 1;
				DYLIB_CURRENT_VERSION = 1;
				DYLIB_INSTALL_NAME_BASE = "@rpath";
				ENABLE_STRICT_OBJC_MSGSEND = YES;
				ENABLE_TESTABILITY = YES;
				GCC_C_LANGUAGE_STANDARD = gnu11;
				GCC_DYNAMIC_NO_PIC = NO;
				GCC_NO_COMMON_BLOCKS = YES;
				GCC_OPTIMIZATION_LEVEL = 0;
				GCC_PREPROCESSOR_DEFINITIONS = (
					"DEBUG=1",
					"$(inherited)",
				);
				GCC_WARN_64_TO_32_BIT_CONVERSION = YES;
				GCC_WARN_ABOUT_RETURN_TYPE = YES_ERROR;
				GCC_WARN_UNDECLARED_SELECTOR = YES;
				GCC_WARN_UNINITIALIZED_AUTOS = YES_AGGRESSIVE;
				GCC_WARN_UNUSED_FUNCTION = YES;
				GCC_WARN_UNUSED_VARIABLE = YES;
				INFOPLIST_FILE = "Sources/Info-iOS.plist";
				INSTALL_PATH = "$(LOCAL_LIBRARY_DIR)/Frameworks";
				IPHONEOS_DEPLOYMENT_TARGET = 11.2;
				LD_RUNPATH_SEARCH_PATHS = "$(inherited) @executable_path/Frameworks @loader_path/Frameworks";
				MTL_ENABLE_DEBUG_INFO = YES;
				ONLY_ACTIVE_ARCH = YES;
				PRODUCT_BUNDLE_IDENTIFIER = "com.joeblau.$(PROJECT_NAME)";
				PRODUCT_NAME = "$(PROJECT_NAME)";
				SDKROOT = iphoneos;
				SKIP_INSTALL = YES;
				SWIFT_ACTIVE_COMPILATION_CONDITIONS = DEBUG;
				SWIFT_OPTIMIZATION_LEVEL = "-Onone";
				SWIFT_VERSION = 4.0;
				TARGETED_DEVICE_FAMILY = "1,2";
				VERSIONING_SYSTEM = "apple-generic";
				VERSION_INFO_PREFIX = "";
			};
			name = Debug;
		};
		E6447F4F201521100074E963 /* Release */ = {
			isa = XCBuildConfiguration;
			buildSettings = {
				ALWAYS_SEARCH_USER_PATHS = NO;
				CLANG_ANALYZER_NONNULL = YES;
				CLANG_ANALYZER_NUMBER_OBJECT_CONVERSION = YES_AGGRESSIVE;
				CLANG_CXX_LANGUAGE_STANDARD = "gnu++14";
				CLANG_CXX_LIBRARY = "libc++";
				CLANG_ENABLE_MODULES = YES;
				CLANG_ENABLE_OBJC_ARC = YES;
				CLANG_WARN_BLOCK_CAPTURE_AUTORELEASING = YES;
				CLANG_WARN_BOOL_CONVERSION = YES;
				CLANG_WARN_COMMA = YES;
				CLANG_WARN_CONSTANT_CONVERSION = YES;
				CLANG_WARN_DIRECT_OBJC_ISA_USAGE = YES_ERROR;
				CLANG_WARN_DOCUMENTATION_COMMENTS = YES;
				CLANG_WARN_EMPTY_BODY = YES;
				CLANG_WARN_ENUM_CONVERSION = YES;
				CLANG_WARN_INFINITE_RECURSION = YES;
				CLANG_WARN_INT_CONVERSION = YES;
				CLANG_WARN_NON_LITERAL_NULL_CONVERSION = YES;
				CLANG_WARN_OBJC_LITERAL_CONVERSION = YES;
				CLANG_WARN_OBJC_ROOT_CLASS = YES_ERROR;
				CLANG_WARN_RANGE_LOOP_ANALYSIS = YES;
				CLANG_WARN_STRICT_PROTOTYPES = YES;
				CLANG_WARN_SUSPICIOUS_MOVE = YES;
				CLANG_WARN_UNGUARDED_AVAILABILITY = YES_AGGRESSIVE;
				CLANG_WARN_UNREACHABLE_CODE = YES;
				CLANG_WARN__DUPLICATE_METHOD_MATCH = YES;
				CODE_SIGN_IDENTITY = "iPhone Developer";
				CODE_SIGN_STYLE = Automatic;
				COPY_PHASE_STRIP = NO;
				CURRENT_PROJECT_VERSION = 1;
				DEBUG_INFORMATION_FORMAT = "dwarf-with-dsym";
				DEFINES_MODULE = YES;
				DYLIB_COMPATIBILITY_VERSION = 1;
				DYLIB_CURRENT_VERSION = 1;
				DYLIB_INSTALL_NAME_BASE = "@rpath";
				ENABLE_NS_ASSERTIONS = NO;
				ENABLE_STRICT_OBJC_MSGSEND = YES;
				GCC_C_LANGUAGE_STANDARD = gnu11;
				GCC_NO_COMMON_BLOCKS = YES;
				GCC_WARN_64_TO_32_BIT_CONVERSION = YES;
				GCC_WARN_ABOUT_RETURN_TYPE = YES_ERROR;
				GCC_WARN_UNDECLARED_SELECTOR = YES;
				GCC_WARN_UNINITIALIZED_AUTOS = YES_AGGRESSIVE;
				GCC_WARN_UNUSED_FUNCTION = YES;
				GCC_WARN_UNUSED_VARIABLE = YES;
				INFOPLIST_FILE = "Sources/Info-iOS.plist";
				INSTALL_PATH = "$(LOCAL_LIBRARY_DIR)/Frameworks";
				IPHONEOS_DEPLOYMENT_TARGET = 11.2;
				LD_RUNPATH_SEARCH_PATHS = "$(inherited) @executable_path/Frameworks @loader_path/Frameworks";
				MTL_ENABLE_DEBUG_INFO = NO;
				PRODUCT_BUNDLE_IDENTIFIER = "com.joeblau.$(PROJECT_NAME)";
				PRODUCT_NAME = "$(PROJECT_NAME)";
				SDKROOT = iphoneos;
				SKIP_INSTALL = YES;
				SWIFT_OPTIMIZATION_LEVEL = "-Owholemodule";
				SWIFT_VERSION = 4.0;
				TARGETED_DEVICE_FAMILY = "1,2";
				VALIDATE_PRODUCT = YES;
				VERSIONING_SYSTEM = "apple-generic";
				VERSION_INFO_PREFIX = "";
			};
			name = Release;
		};
		E6447F50201521100074E963 /* Debug */ = {
			isa = XCBuildConfiguration;
			buildSettings = {
				ALWAYS_EMBED_SWIFT_STANDARD_LIBRARIES = YES;
				ALWAYS_SEARCH_USER_PATHS = NO;
				CLANG_ANALYZER_NONNULL = YES;
				CLANG_ANALYZER_NUMBER_OBJECT_CONVERSION = YES_AGGRESSIVE;
				CLANG_CXX_LANGUAGE_STANDARD = "gnu++14";
				CLANG_CXX_LIBRARY = "libc++";
				CLANG_ENABLE_MODULES = YES;
				CLANG_ENABLE_OBJC_ARC = YES;
				CLANG_WARN_BLOCK_CAPTURE_AUTORELEASING = YES;
				CLANG_WARN_BOOL_CONVERSION = YES;
				CLANG_WARN_COMMA = YES;
				CLANG_WARN_CONSTANT_CONVERSION = YES;
				CLANG_WARN_DIRECT_OBJC_ISA_USAGE = YES_ERROR;
				CLANG_WARN_DOCUMENTATION_COMMENTS = YES;
				CLANG_WARN_EMPTY_BODY = YES;
				CLANG_WARN_ENUM_CONVERSION = YES;
				CLANG_WARN_INFINITE_RECURSION = YES;
				CLANG_WARN_INT_CONVERSION = YES;
				CLANG_WARN_NON_LITERAL_NULL_CONVERSION = YES;
				CLANG_WARN_OBJC_LITERAL_CONVERSION = YES;
				CLANG_WARN_OBJC_ROOT_CLASS = YES_ERROR;
				CLANG_WARN_RANGE_LOOP_ANALYSIS = YES;
				CLANG_WARN_STRICT_PROTOTYPES = YES;
				CLANG_WARN_SUSPICIOUS_MOVE = YES;
				CLANG_WARN_UNGUARDED_AVAILABILITY = YES_AGGRESSIVE;
				CLANG_WARN_UNREACHABLE_CODE = YES;
				CLANG_WARN__DUPLICATE_METHOD_MATCH = YES;
				CODE_SIGN_IDENTITY = "iPhone Developer";
				CODE_SIGN_STYLE = Automatic;
				COPY_PHASE_STRIP = NO;
				DEBUG_INFORMATION_FORMAT = dwarf;
				ENABLE_STRICT_OBJC_MSGSEND = YES;
				ENABLE_TESTABILITY = YES;
				GCC_C_LANGUAGE_STANDARD = gnu11;
				GCC_DYNAMIC_NO_PIC = NO;
				GCC_NO_COMMON_BLOCKS = YES;
				GCC_OPTIMIZATION_LEVEL = 0;
				GCC_PREPROCESSOR_DEFINITIONS = (
					"DEBUG=1",
					"$(inherited)",
				);
				GCC_WARN_64_TO_32_BIT_CONVERSION = YES;
				GCC_WARN_ABOUT_RETURN_TYPE = YES_ERROR;
				GCC_WARN_UNDECLARED_SELECTOR = YES;
				GCC_WARN_UNINITIALIZED_AUTOS = YES_AGGRESSIVE;
				GCC_WARN_UNUSED_FUNCTION = YES;
				GCC_WARN_UNUSED_VARIABLE = YES;
				INFOPLIST_FILE = "Tests/Info-iOSTests.plist";
				IPHONEOS_DEPLOYMENT_TARGET = 11.2;
				LD_RUNPATH_SEARCH_PATHS = "$(inherited) @executable_path/Frameworks @loader_path/Frameworks";
				MTL_ENABLE_DEBUG_INFO = YES;
				ONLY_ACTIVE_ARCH = YES;
				PRODUCT_BUNDLE_IDENTIFIER = "com.joeblau.$(PROJECT_NAME)";
				PRODUCT_NAME = "$(PROJECT_NAME)Tests";
				SDKROOT = iphoneos;
				SWIFT_ACTIVE_COMPILATION_CONDITIONS = DEBUG;
				SWIFT_OPTIMIZATION_LEVEL = "-Onone";
				SWIFT_VERSION = 4.0;
				TARGETED_DEVICE_FAMILY = "1,2";
			};
			name = Debug;
		};
		E6447F51201521100074E963 /* Release */ = {
			isa = XCBuildConfiguration;
			buildSettings = {
				ALWAYS_EMBED_SWIFT_STANDARD_LIBRARIES = YES;
				ALWAYS_SEARCH_USER_PATHS = NO;
				CLANG_ANALYZER_NONNULL = YES;
				CLANG_ANALYZER_NUMBER_OBJECT_CONVERSION = YES_AGGRESSIVE;
				CLANG_CXX_LANGUAGE_STANDARD = "gnu++14";
				CLANG_CXX_LIBRARY = "libc++";
				CLANG_ENABLE_MODULES = YES;
				CLANG_ENABLE_OBJC_ARC = YES;
				CLANG_WARN_BLOCK_CAPTURE_AUTORELEASING = YES;
				CLANG_WARN_BOOL_CONVERSION = YES;
				CLANG_WARN_COMMA = YES;
				CLANG_WARN_CONSTANT_CONVERSION = YES;
				CLANG_WARN_DIRECT_OBJC_ISA_USAGE = YES_ERROR;
				CLANG_WARN_DOCUMENTATION_COMMENTS = YES;
				CLANG_WARN_EMPTY_BODY = YES;
				CLANG_WARN_ENUM_CONVERSION = YES;
				CLANG_WARN_INFINITE_RECURSION = YES;
				CLANG_WARN_INT_CONVERSION = YES;
				CLANG_WARN_NON_LITERAL_NULL_CONVERSION = YES;
				CLANG_WARN_OBJC_LITERAL_CONVERSION = YES;
				CLANG_WARN_OBJC_ROOT_CLASS = YES_ERROR;
				CLANG_WARN_RANGE_LOOP_ANALYSIS = YES;
				CLANG_WARN_STRICT_PROTOTYPES = YES;
				CLANG_WARN_SUSPICIOUS_MOVE = YES;
				CLANG_WARN_UNGUARDED_AVAILABILITY = YES_AGGRESSIVE;
				CLANG_WARN_UNREACHABLE_CODE = YES;
				CLANG_WARN__DUPLICATE_METHOD_MATCH = YES;
				CODE_SIGN_IDENTITY = "iPhone Developer";
				CODE_SIGN_STYLE = Automatic;
				COPY_PHASE_STRIP = NO;
				DEBUG_INFORMATION_FORMAT = "dwarf-with-dsym";
				ENABLE_NS_ASSERTIONS = NO;
				ENABLE_STRICT_OBJC_MSGSEND = YES;
				GCC_C_LANGUAGE_STANDARD = gnu11;
				GCC_NO_COMMON_BLOCKS = YES;
				GCC_WARN_64_TO_32_BIT_CONVERSION = YES;
				GCC_WARN_ABOUT_RETURN_TYPE = YES_ERROR;
				GCC_WARN_UNDECLARED_SELECTOR = YES;
				GCC_WARN_UNINITIALIZED_AUTOS = YES_AGGRESSIVE;
				GCC_WARN_UNUSED_FUNCTION = YES;
				GCC_WARN_UNUSED_VARIABLE = YES;
				INFOPLIST_FILE = "Tests/Info-iOSTests.plist";
				IPHONEOS_DEPLOYMENT_TARGET = 11.2;
				LD_RUNPATH_SEARCH_PATHS = "$(inherited) @executable_path/Frameworks @loader_path/Frameworks";
				MTL_ENABLE_DEBUG_INFO = NO;
				PRODUCT_BUNDLE_IDENTIFIER = "com.joeblau.$(PROJECT_NAME)";
				PRODUCT_NAME = "$(PROJECT_NAME)Tests";
				SDKROOT = iphoneos;
				SWIFT_OPTIMIZATION_LEVEL = "-Owholemodule";
				SWIFT_VERSION = 4.0;
				TARGETED_DEVICE_FAMILY = "1,2";
				VALIDATE_PRODUCT = YES;
			};
			name = Release;
		};
		E6447FBE201522EE0074E963 /* Debug */ = {
			isa = XCBuildConfiguration;
			buildSettings = {
				ALWAYS_SEARCH_USER_PATHS = NO;
				CLANG_ANALYZER_NONNULL = YES;
				CLANG_ANALYZER_NUMBER_OBJECT_CONVERSION = YES_AGGRESSIVE;
				CLANG_CXX_LANGUAGE_STANDARD = "gnu++14";
				CLANG_CXX_LIBRARY = "libc++";
				CLANG_ENABLE_MODULES = YES;
				CLANG_ENABLE_OBJC_ARC = YES;
				CLANG_WARN_BLOCK_CAPTURE_AUTORELEASING = YES;
				CLANG_WARN_BOOL_CONVERSION = YES;
				CLANG_WARN_COMMA = YES;
				CLANG_WARN_CONSTANT_CONVERSION = YES;
				CLANG_WARN_DIRECT_OBJC_ISA_USAGE = YES_ERROR;
				CLANG_WARN_DOCUMENTATION_COMMENTS = YES;
				CLANG_WARN_EMPTY_BODY = YES;
				CLANG_WARN_ENUM_CONVERSION = YES;
				CLANG_WARN_INFINITE_RECURSION = YES;
				CLANG_WARN_INT_CONVERSION = YES;
				CLANG_WARN_NON_LITERAL_NULL_CONVERSION = YES;
				CLANG_WARN_OBJC_LITERAL_CONVERSION = YES;
				CLANG_WARN_OBJC_ROOT_CLASS = YES_ERROR;
				CLANG_WARN_RANGE_LOOP_ANALYSIS = YES;
				CLANG_WARN_STRICT_PROTOTYPES = YES;
				CLANG_WARN_SUSPICIOUS_MOVE = YES;
				CLANG_WARN_UNGUARDED_AVAILABILITY = YES_AGGRESSIVE;
				CLANG_WARN_UNREACHABLE_CODE = YES;
				CLANG_WARN__DUPLICATE_METHOD_MATCH = YES;
				CODE_SIGN_IDENTITY = "";
				CODE_SIGN_STYLE = Automatic;
				COPY_PHASE_STRIP = NO;
				CURRENT_PROJECT_VERSION = 1;
				DEBUG_INFORMATION_FORMAT = dwarf;
				DEFINES_MODULE = YES;
				DYLIB_COMPATIBILITY_VERSION = 1;
				DYLIB_CURRENT_VERSION = 1;
				DYLIB_INSTALL_NAME_BASE = "@rpath";
				ENABLE_STRICT_OBJC_MSGSEND = YES;
				ENABLE_TESTABILITY = YES;
				GCC_C_LANGUAGE_STANDARD = gnu11;
				GCC_DYNAMIC_NO_PIC = NO;
				GCC_NO_COMMON_BLOCKS = YES;
				GCC_OPTIMIZATION_LEVEL = 0;
				GCC_PREPROCESSOR_DEFINITIONS = (
					"DEBUG=1",
					"$(inherited)",
				);
				GCC_WARN_64_TO_32_BIT_CONVERSION = YES;
				GCC_WARN_ABOUT_RETURN_TYPE = YES_ERROR;
				GCC_WARN_UNDECLARED_SELECTOR = YES;
				GCC_WARN_UNINITIALIZED_AUTOS = YES_AGGRESSIVE;
				GCC_WARN_UNUSED_FUNCTION = YES;
				GCC_WARN_UNUSED_VARIABLE = YES;
				INFOPLIST_FILE = "Sources/Info-tvOS.plist";
				INSTALL_PATH = "$(LOCAL_LIBRARY_DIR)/Frameworks";
				LD_RUNPATH_SEARCH_PATHS = "$(inherited) @executable_path/Frameworks @loader_path/Frameworks";
				MTL_ENABLE_DEBUG_INFO = YES;
				ONLY_ACTIVE_ARCH = YES;
				PRODUCT_BUNDLE_IDENTIFIER = "com.joeblau.$(PROJECT_NAME)";
				PRODUCT_NAME = "$(PROJECT_NAME)";
				SDKROOT = appletvos;
				SKIP_INSTALL = YES;
				SWIFT_ACTIVE_COMPILATION_CONDITIONS = DEBUG;
				SWIFT_OPTIMIZATION_LEVEL = "-Onone";
				SWIFT_VERSION = 4.0;
				TARGETED_DEVICE_FAMILY = 3;
				TVOS_DEPLOYMENT_TARGET = 11.2;
				VERSIONING_SYSTEM = "apple-generic";
				VERSION_INFO_PREFIX = "";
			};
			name = Debug;
		};
		E6447FBF201522EE0074E963 /* Release */ = {
			isa = XCBuildConfiguration;
			buildSettings = {
				ALWAYS_SEARCH_USER_PATHS = NO;
				CLANG_ANALYZER_NONNULL = YES;
				CLANG_ANALYZER_NUMBER_OBJECT_CONVERSION = YES_AGGRESSIVE;
				CLANG_CXX_LANGUAGE_STANDARD = "gnu++14";
				CLANG_CXX_LIBRARY = "libc++";
				CLANG_ENABLE_MODULES = YES;
				CLANG_ENABLE_OBJC_ARC = YES;
				CLANG_WARN_BLOCK_CAPTURE_AUTORELEASING = YES;
				CLANG_WARN_BOOL_CONVERSION = YES;
				CLANG_WARN_COMMA = YES;
				CLANG_WARN_CONSTANT_CONVERSION = YES;
				CLANG_WARN_DIRECT_OBJC_ISA_USAGE = YES_ERROR;
				CLANG_WARN_DOCUMENTATION_COMMENTS = YES;
				CLANG_WARN_EMPTY_BODY = YES;
				CLANG_WARN_ENUM_CONVERSION = YES;
				CLANG_WARN_INFINITE_RECURSION = YES;
				CLANG_WARN_INT_CONVERSION = YES;
				CLANG_WARN_NON_LITERAL_NULL_CONVERSION = YES;
				CLANG_WARN_OBJC_LITERAL_CONVERSION = YES;
				CLANG_WARN_OBJC_ROOT_CLASS = YES_ERROR;
				CLANG_WARN_RANGE_LOOP_ANALYSIS = YES;
				CLANG_WARN_STRICT_PROTOTYPES = YES;
				CLANG_WARN_SUSPICIOUS_MOVE = YES;
				CLANG_WARN_UNGUARDED_AVAILABILITY = YES_AGGRESSIVE;
				CLANG_WARN_UNREACHABLE_CODE = YES;
				CLANG_WARN__DUPLICATE_METHOD_MATCH = YES;
				CODE_SIGN_IDENTITY = "";
				CODE_SIGN_STYLE = Automatic;
				COPY_PHASE_STRIP = NO;
				CURRENT_PROJECT_VERSION = 1;
				DEBUG_INFORMATION_FORMAT = "dwarf-with-dsym";
				DEFINES_MODULE = YES;
				DYLIB_COMPATIBILITY_VERSION = 1;
				DYLIB_CURRENT_VERSION = 1;
				DYLIB_INSTALL_NAME_BASE = "@rpath";
				ENABLE_NS_ASSERTIONS = NO;
				ENABLE_STRICT_OBJC_MSGSEND = YES;
				GCC_C_LANGUAGE_STANDARD = gnu11;
				GCC_NO_COMMON_BLOCKS = YES;
				GCC_WARN_64_TO_32_BIT_CONVERSION = YES;
				GCC_WARN_ABOUT_RETURN_TYPE = YES_ERROR;
				GCC_WARN_UNDECLARED_SELECTOR = YES;
				GCC_WARN_UNINITIALIZED_AUTOS = YES_AGGRESSIVE;
				GCC_WARN_UNUSED_FUNCTION = YES;
				GCC_WARN_UNUSED_VARIABLE = YES;
				INFOPLIST_FILE = "Sources/Info-tvOS.plist";
				INSTALL_PATH = "$(LOCAL_LIBRARY_DIR)/Frameworks";
				LD_RUNPATH_SEARCH_PATHS = "$(inherited) @executable_path/Frameworks @loader_path/Frameworks";
				MTL_ENABLE_DEBUG_INFO = NO;
				PRODUCT_BUNDLE_IDENTIFIER = "com.joeblau.$(PROJECT_NAME)";
				PRODUCT_NAME = "$(PROJECT_NAME)";
				SDKROOT = appletvos;
				SKIP_INSTALL = YES;
				SWIFT_OPTIMIZATION_LEVEL = "-Owholemodule";
				SWIFT_VERSION = 4.0;
				TARGETED_DEVICE_FAMILY = 3;
				TVOS_DEPLOYMENT_TARGET = 11.2;
				VALIDATE_PRODUCT = YES;
				VERSIONING_SYSTEM = "apple-generic";
				VERSION_INFO_PREFIX = "";
			};
			name = Release;
		};
		E6447FC1201522EE0074E963 /* Debug */ = {
			isa = XCBuildConfiguration;
			buildSettings = {
				ALWAYS_EMBED_SWIFT_STANDARD_LIBRARIES = YES;
				ALWAYS_SEARCH_USER_PATHS = NO;
				CLANG_ANALYZER_NONNULL = YES;
				CLANG_ANALYZER_NUMBER_OBJECT_CONVERSION = YES_AGGRESSIVE;
				CLANG_CXX_LANGUAGE_STANDARD = "gnu++14";
				CLANG_CXX_LIBRARY = "libc++";
				CLANG_ENABLE_MODULES = YES;
				CLANG_ENABLE_OBJC_ARC = YES;
				CLANG_WARN_BLOCK_CAPTURE_AUTORELEASING = YES;
				CLANG_WARN_BOOL_CONVERSION = YES;
				CLANG_WARN_COMMA = YES;
				CLANG_WARN_CONSTANT_CONVERSION = YES;
				CLANG_WARN_DIRECT_OBJC_ISA_USAGE = YES_ERROR;
				CLANG_WARN_DOCUMENTATION_COMMENTS = YES;
				CLANG_WARN_EMPTY_BODY = YES;
				CLANG_WARN_ENUM_CONVERSION = YES;
				CLANG_WARN_INFINITE_RECURSION = YES;
				CLANG_WARN_INT_CONVERSION = YES;
				CLANG_WARN_NON_LITERAL_NULL_CONVERSION = YES;
				CLANG_WARN_OBJC_LITERAL_CONVERSION = YES;
				CLANG_WARN_OBJC_ROOT_CLASS = YES_ERROR;
				CLANG_WARN_RANGE_LOOP_ANALYSIS = YES;
				CLANG_WARN_STRICT_PROTOTYPES = YES;
				CLANG_WARN_SUSPICIOUS_MOVE = YES;
				CLANG_WARN_UNGUARDED_AVAILABILITY = YES_AGGRESSIVE;
				CLANG_WARN_UNREACHABLE_CODE = YES;
				CLANG_WARN__DUPLICATE_METHOD_MATCH = YES;
				CODE_SIGN_STYLE = Automatic;
				COPY_PHASE_STRIP = NO;
				DEBUG_INFORMATION_FORMAT = dwarf;
				ENABLE_STRICT_OBJC_MSGSEND = YES;
				ENABLE_TESTABILITY = YES;
				GCC_C_LANGUAGE_STANDARD = gnu11;
				GCC_DYNAMIC_NO_PIC = NO;
				GCC_NO_COMMON_BLOCKS = YES;
				GCC_OPTIMIZATION_LEVEL = 0;
				GCC_PREPROCESSOR_DEFINITIONS = (
					"DEBUG=1",
					"$(inherited)",
				);
				GCC_WARN_64_TO_32_BIT_CONVERSION = YES;
				GCC_WARN_ABOUT_RETURN_TYPE = YES_ERROR;
				GCC_WARN_UNDECLARED_SELECTOR = YES;
				GCC_WARN_UNINITIALIZED_AUTOS = YES_AGGRESSIVE;
				GCC_WARN_UNUSED_FUNCTION = YES;
				GCC_WARN_UNUSED_VARIABLE = YES;
				INFOPLIST_FILE = "Tests/Info-tvOSTests.plist";
				LD_RUNPATH_SEARCH_PATHS = "$(inherited) @executable_path/Frameworks @loader_path/Frameworks";
				MTL_ENABLE_DEBUG_INFO = YES;
				ONLY_ACTIVE_ARCH = YES;
				PRODUCT_BUNDLE_IDENTIFIER = "com.joeblau.$(PROJECT_NAME)";
				PRODUCT_NAME = "$(PROJECT_NAME)Tests";
				SDKROOT = appletvos;
				SWIFT_ACTIVE_COMPILATION_CONDITIONS = DEBUG;
				SWIFT_OPTIMIZATION_LEVEL = "-Onone";
				SWIFT_VERSION = 4.0;
				TARGETED_DEVICE_FAMILY = 3;
				TVOS_DEPLOYMENT_TARGET = 11.2;
			};
			name = Debug;
		};
		E6447FC2201522EE0074E963 /* Release */ = {
			isa = XCBuildConfiguration;
			buildSettings = {
				ALWAYS_EMBED_SWIFT_STANDARD_LIBRARIES = YES;
				ALWAYS_SEARCH_USER_PATHS = NO;
				CLANG_ANALYZER_NONNULL = YES;
				CLANG_ANALYZER_NUMBER_OBJECT_CONVERSION = YES_AGGRESSIVE;
				CLANG_CXX_LANGUAGE_STANDARD = "gnu++14";
				CLANG_CXX_LIBRARY = "libc++";
				CLANG_ENABLE_MODULES = YES;
				CLANG_ENABLE_OBJC_ARC = YES;
				CLANG_WARN_BLOCK_CAPTURE_AUTORELEASING = YES;
				CLANG_WARN_BOOL_CONVERSION = YES;
				CLANG_WARN_COMMA = YES;
				CLANG_WARN_CONSTANT_CONVERSION = YES;
				CLANG_WARN_DIRECT_OBJC_ISA_USAGE = YES_ERROR;
				CLANG_WARN_DOCUMENTATION_COMMENTS = YES;
				CLANG_WARN_EMPTY_BODY = YES;
				CLANG_WARN_ENUM_CONVERSION = YES;
				CLANG_WARN_INFINITE_RECURSION = YES;
				CLANG_WARN_INT_CONVERSION = YES;
				CLANG_WARN_NON_LITERAL_NULL_CONVERSION = YES;
				CLANG_WARN_OBJC_LITERAL_CONVERSION = YES;
				CLANG_WARN_OBJC_ROOT_CLASS = YES_ERROR;
				CLANG_WARN_RANGE_LOOP_ANALYSIS = YES;
				CLANG_WARN_STRICT_PROTOTYPES = YES;
				CLANG_WARN_SUSPICIOUS_MOVE = YES;
				CLANG_WARN_UNGUARDED_AVAILABILITY = YES_AGGRESSIVE;
				CLANG_WARN_UNREACHABLE_CODE = YES;
				CLANG_WARN__DUPLICATE_METHOD_MATCH = YES;
				CODE_SIGN_STYLE = Automatic;
				COPY_PHASE_STRIP = NO;
				DEBUG_INFORMATION_FORMAT = "dwarf-with-dsym";
				ENABLE_NS_ASSERTIONS = NO;
				ENABLE_STRICT_OBJC_MSGSEND = YES;
				GCC_C_LANGUAGE_STANDARD = gnu11;
				GCC_NO_COMMON_BLOCKS = YES;
				GCC_WARN_64_TO_32_BIT_CONVERSION = YES;
				GCC_WARN_ABOUT_RETURN_TYPE = YES_ERROR;
				GCC_WARN_UNDECLARED_SELECTOR = YES;
				GCC_WARN_UNINITIALIZED_AUTOS = YES_AGGRESSIVE;
				GCC_WARN_UNUSED_FUNCTION = YES;
				GCC_WARN_UNUSED_VARIABLE = YES;
				INFOPLIST_FILE = "Tests/Info-tvOSTests.plist";
				LD_RUNPATH_SEARCH_PATHS = "$(inherited) @executable_path/Frameworks @loader_path/Frameworks";
				MTL_ENABLE_DEBUG_INFO = NO;
				PRODUCT_BUNDLE_IDENTIFIER = "com.joeblau.$(PROJECT_NAME)";
				PRODUCT_NAME = "$(PROJECT_NAME)Tests";
				SDKROOT = appletvos;
				SWIFT_OPTIMIZATION_LEVEL = "-Owholemodule";
				SWIFT_VERSION = 4.0;
				TARGETED_DEVICE_FAMILY = 3;
				TVOS_DEPLOYMENT_TARGET = 11.2;
				VALIDATE_PRODUCT = YES;
			};
			name = Release;
		};
		E6447FDA201522FD0074E963 /* Debug */ = {
			isa = XCBuildConfiguration;
			buildSettings = {
				ALWAYS_SEARCH_USER_PATHS = NO;
				CLANG_ANALYZER_NONNULL = YES;
				CLANG_ANALYZER_NUMBER_OBJECT_CONVERSION = YES_AGGRESSIVE;
				CLANG_CXX_LANGUAGE_STANDARD = "gnu++14";
				CLANG_CXX_LIBRARY = "libc++";
				CLANG_ENABLE_MODULES = YES;
				CLANG_ENABLE_OBJC_ARC = YES;
				CLANG_WARN_BLOCK_CAPTURE_AUTORELEASING = YES;
				CLANG_WARN_BOOL_CONVERSION = YES;
				CLANG_WARN_COMMA = YES;
				CLANG_WARN_CONSTANT_CONVERSION = YES;
				CLANG_WARN_DIRECT_OBJC_ISA_USAGE = YES_ERROR;
				CLANG_WARN_DOCUMENTATION_COMMENTS = YES;
				CLANG_WARN_EMPTY_BODY = YES;
				CLANG_WARN_ENUM_CONVERSION = YES;
				CLANG_WARN_INFINITE_RECURSION = YES;
				CLANG_WARN_INT_CONVERSION = YES;
				CLANG_WARN_NON_LITERAL_NULL_CONVERSION = YES;
				CLANG_WARN_OBJC_LITERAL_CONVERSION = YES;
				CLANG_WARN_OBJC_ROOT_CLASS = YES_ERROR;
				CLANG_WARN_RANGE_LOOP_ANALYSIS = YES;
				CLANG_WARN_STRICT_PROTOTYPES = YES;
				CLANG_WARN_SUSPICIOUS_MOVE = YES;
				CLANG_WARN_UNGUARDED_AVAILABILITY = YES_AGGRESSIVE;
				CLANG_WARN_UNREACHABLE_CODE = YES;
				CLANG_WARN__DUPLICATE_METHOD_MATCH = YES;
				CODE_SIGN_IDENTITY = "-";
				CODE_SIGN_STYLE = Automatic;
				COMBINE_HIDPI_IMAGES = YES;
				COPY_PHASE_STRIP = NO;
				CURRENT_PROJECT_VERSION = 1;
				DEBUG_INFORMATION_FORMAT = dwarf;
				DEFINES_MODULE = YES;
				DYLIB_COMPATIBILITY_VERSION = 1;
				DYLIB_CURRENT_VERSION = 1;
				DYLIB_INSTALL_NAME_BASE = "@rpath";
				ENABLE_STRICT_OBJC_MSGSEND = YES;
				ENABLE_TESTABILITY = YES;
				FRAMEWORK_VERSION = A;
				GCC_C_LANGUAGE_STANDARD = gnu11;
				GCC_DYNAMIC_NO_PIC = NO;
				GCC_NO_COMMON_BLOCKS = YES;
				GCC_OPTIMIZATION_LEVEL = 0;
				GCC_PREPROCESSOR_DEFINITIONS = (
					"DEBUG=1",
					"$(inherited)",
				);
				GCC_WARN_64_TO_32_BIT_CONVERSION = YES;
				GCC_WARN_ABOUT_RETURN_TYPE = YES_ERROR;
				GCC_WARN_UNDECLARED_SELECTOR = YES;
				GCC_WARN_UNINITIALIZED_AUTOS = YES_AGGRESSIVE;
				GCC_WARN_UNUSED_FUNCTION = YES;
				GCC_WARN_UNUSED_VARIABLE = YES;
				INFOPLIST_FILE = "Sources/Info-macOS.plist";
				INSTALL_PATH = "$(LOCAL_LIBRARY_DIR)/Frameworks";
				LD_RUNPATH_SEARCH_PATHS = "$(inherited) @executable_path/../Frameworks @loader_path/Frameworks";
				MACOSX_DEPLOYMENT_TARGET = 10.13;
				MTL_ENABLE_DEBUG_INFO = YES;
				ONLY_ACTIVE_ARCH = YES;
				PRODUCT_BUNDLE_IDENTIFIER = "com.joeblau.$(PROJECT_NAME)";
				PRODUCT_NAME = "$(PROJECT_NAME)";
				SDKROOT = macosx;
				SKIP_INSTALL = YES;
				SWIFT_ACTIVE_COMPILATION_CONDITIONS = DEBUG;
				SWIFT_OPTIMIZATION_LEVEL = "-Onone";
				SWIFT_VERSION = 4.0;
				VERSIONING_SYSTEM = "apple-generic";
				VERSION_INFO_PREFIX = "";
			};
			name = Debug;
		};
		E6447FDB201522FD0074E963 /* Release */ = {
			isa = XCBuildConfiguration;
			buildSettings = {
				ALWAYS_SEARCH_USER_PATHS = NO;
				CLANG_ANALYZER_NONNULL = YES;
				CLANG_ANALYZER_NUMBER_OBJECT_CONVERSION = YES_AGGRESSIVE;
				CLANG_CXX_LANGUAGE_STANDARD = "gnu++14";
				CLANG_CXX_LIBRARY = "libc++";
				CLANG_ENABLE_MODULES = YES;
				CLANG_ENABLE_OBJC_ARC = YES;
				CLANG_WARN_BLOCK_CAPTURE_AUTORELEASING = YES;
				CLANG_WARN_BOOL_CONVERSION = YES;
				CLANG_WARN_COMMA = YES;
				CLANG_WARN_CONSTANT_CONVERSION = YES;
				CLANG_WARN_DIRECT_OBJC_ISA_USAGE = YES_ERROR;
				CLANG_WARN_DOCUMENTATION_COMMENTS = YES;
				CLANG_WARN_EMPTY_BODY = YES;
				CLANG_WARN_ENUM_CONVERSION = YES;
				CLANG_WARN_INFINITE_RECURSION = YES;
				CLANG_WARN_INT_CONVERSION = YES;
				CLANG_WARN_NON_LITERAL_NULL_CONVERSION = YES;
				CLANG_WARN_OBJC_LITERAL_CONVERSION = YES;
				CLANG_WARN_OBJC_ROOT_CLASS = YES_ERROR;
				CLANG_WARN_RANGE_LOOP_ANALYSIS = YES;
				CLANG_WARN_STRICT_PROTOTYPES = YES;
				CLANG_WARN_SUSPICIOUS_MOVE = YES;
				CLANG_WARN_UNGUARDED_AVAILABILITY = YES_AGGRESSIVE;
				CLANG_WARN_UNREACHABLE_CODE = YES;
				CLANG_WARN__DUPLICATE_METHOD_MATCH = YES;
				CODE_SIGN_IDENTITY = "-";
				CODE_SIGN_STYLE = Automatic;
				COMBINE_HIDPI_IMAGES = YES;
				COPY_PHASE_STRIP = NO;
				CURRENT_PROJECT_VERSION = 1;
				DEBUG_INFORMATION_FORMAT = "dwarf-with-dsym";
				DEFINES_MODULE = YES;
				DYLIB_COMPATIBILITY_VERSION = 1;
				DYLIB_CURRENT_VERSION = 1;
				DYLIB_INSTALL_NAME_BASE = "@rpath";
				ENABLE_NS_ASSERTIONS = NO;
				ENABLE_STRICT_OBJC_MSGSEND = YES;
				FRAMEWORK_VERSION = A;
				GCC_C_LANGUAGE_STANDARD = gnu11;
				GCC_NO_COMMON_BLOCKS = YES;
				GCC_WARN_64_TO_32_BIT_CONVERSION = YES;
				GCC_WARN_ABOUT_RETURN_TYPE = YES_ERROR;
				GCC_WARN_UNDECLARED_SELECTOR = YES;
				GCC_WARN_UNINITIALIZED_AUTOS = YES_AGGRESSIVE;
				GCC_WARN_UNUSED_FUNCTION = YES;
				GCC_WARN_UNUSED_VARIABLE = YES;
				INFOPLIST_FILE = "Sources/Info-macOS.plist";
				INSTALL_PATH = "$(LOCAL_LIBRARY_DIR)/Frameworks";
				LD_RUNPATH_SEARCH_PATHS = "$(inherited) @executable_path/../Frameworks @loader_path/Frameworks";
				MACOSX_DEPLOYMENT_TARGET = 10.13;
				MTL_ENABLE_DEBUG_INFO = NO;
				PRODUCT_BUNDLE_IDENTIFIER = "com.joeblau.$(PROJECT_NAME)";
				PRODUCT_NAME = "$(PROJECT_NAME)";
				SDKROOT = macosx;
				SKIP_INSTALL = YES;
				SWIFT_OPTIMIZATION_LEVEL = "-Owholemodule";
				SWIFT_VERSION = 4.0;
				VERSIONING_SYSTEM = "apple-generic";
				VERSION_INFO_PREFIX = "";
			};
			name = Release;
		};
		E6447FDD201522FD0074E963 /* Debug */ = {
			isa = XCBuildConfiguration;
			buildSettings = {
				ALWAYS_EMBED_SWIFT_STANDARD_LIBRARIES = YES;
				ALWAYS_SEARCH_USER_PATHS = NO;
				CLANG_ANALYZER_NONNULL = YES;
				CLANG_ANALYZER_NUMBER_OBJECT_CONVERSION = YES_AGGRESSIVE;
				CLANG_CXX_LANGUAGE_STANDARD = "gnu++14";
				CLANG_CXX_LIBRARY = "libc++";
				CLANG_ENABLE_MODULES = YES;
				CLANG_ENABLE_OBJC_ARC = YES;
				CLANG_WARN_BLOCK_CAPTURE_AUTORELEASING = YES;
				CLANG_WARN_BOOL_CONVERSION = YES;
				CLANG_WARN_COMMA = YES;
				CLANG_WARN_CONSTANT_CONVERSION = YES;
				CLANG_WARN_DIRECT_OBJC_ISA_USAGE = YES_ERROR;
				CLANG_WARN_DOCUMENTATION_COMMENTS = YES;
				CLANG_WARN_EMPTY_BODY = YES;
				CLANG_WARN_ENUM_CONVERSION = YES;
				CLANG_WARN_INFINITE_RECURSION = YES;
				CLANG_WARN_INT_CONVERSION = YES;
				CLANG_WARN_NON_LITERAL_NULL_CONVERSION = YES;
				CLANG_WARN_OBJC_LITERAL_CONVERSION = YES;
				CLANG_WARN_OBJC_ROOT_CLASS = YES_ERROR;
				CLANG_WARN_RANGE_LOOP_ANALYSIS = YES;
				CLANG_WARN_STRICT_PROTOTYPES = YES;
				CLANG_WARN_SUSPICIOUS_MOVE = YES;
				CLANG_WARN_UNGUARDED_AVAILABILITY = YES_AGGRESSIVE;
				CLANG_WARN_UNREACHABLE_CODE = YES;
				CLANG_WARN__DUPLICATE_METHOD_MATCH = YES;
				CODE_SIGN_IDENTITY = "-";
				CODE_SIGN_STYLE = Automatic;
				COMBINE_HIDPI_IMAGES = YES;
				COPY_PHASE_STRIP = NO;
				DEBUG_INFORMATION_FORMAT = dwarf;
				ENABLE_STRICT_OBJC_MSGSEND = YES;
				ENABLE_TESTABILITY = YES;
				GCC_C_LANGUAGE_STANDARD = gnu11;
				GCC_DYNAMIC_NO_PIC = NO;
				GCC_NO_COMMON_BLOCKS = YES;
				GCC_OPTIMIZATION_LEVEL = 0;
				GCC_PREPROCESSOR_DEFINITIONS = (
					"DEBUG=1",
					"$(inherited)",
				);
				GCC_WARN_64_TO_32_BIT_CONVERSION = YES;
				GCC_WARN_ABOUT_RETURN_TYPE = YES_ERROR;
				GCC_WARN_UNDECLARED_SELECTOR = YES;
				GCC_WARN_UNINITIALIZED_AUTOS = YES_AGGRESSIVE;
				GCC_WARN_UNUSED_FUNCTION = YES;
				GCC_WARN_UNUSED_VARIABLE = YES;
				INFOPLIST_FILE = "Tests/Info-macOSTests.plist";
				LD_RUNPATH_SEARCH_PATHS = "$(inherited) @executable_path/../Frameworks @loader_path/../Frameworks";
				MACOSX_DEPLOYMENT_TARGET = 10.13;
				MTL_ENABLE_DEBUG_INFO = YES;
				ONLY_ACTIVE_ARCH = YES;
				PRODUCT_BUNDLE_IDENTIFIER = "com.joeblau.$(PROJECT_NAME)";
				PRODUCT_NAME = "$(PROJECT_NAME)Tests";
				SDKROOT = macosx;
				SWIFT_ACTIVE_COMPILATION_CONDITIONS = DEBUG;
				SWIFT_OPTIMIZATION_LEVEL = "-Onone";
				SWIFT_VERSION = 4.0;
			};
			name = Debug;
		};
		E6447FDE201522FD0074E963 /* Release */ = {
			isa = XCBuildConfiguration;
			buildSettings = {
				ALWAYS_EMBED_SWIFT_STANDARD_LIBRARIES = YES;
				ALWAYS_SEARCH_USER_PATHS = NO;
				CLANG_ANALYZER_NONNULL = YES;
				CLANG_ANALYZER_NUMBER_OBJECT_CONVERSION = YES_AGGRESSIVE;
				CLANG_CXX_LANGUAGE_STANDARD = "gnu++14";
				CLANG_CXX_LIBRARY = "libc++";
				CLANG_ENABLE_MODULES = YES;
				CLANG_ENABLE_OBJC_ARC = YES;
				CLANG_WARN_BLOCK_CAPTURE_AUTORELEASING = YES;
				CLANG_WARN_BOOL_CONVERSION = YES;
				CLANG_WARN_COMMA = YES;
				CLANG_WARN_CONSTANT_CONVERSION = YES;
				CLANG_WARN_DIRECT_OBJC_ISA_USAGE = YES_ERROR;
				CLANG_WARN_DOCUMENTATION_COMMENTS = YES;
				CLANG_WARN_EMPTY_BODY = YES;
				CLANG_WARN_ENUM_CONVERSION = YES;
				CLANG_WARN_INFINITE_RECURSION = YES;
				CLANG_WARN_INT_CONVERSION = YES;
				CLANG_WARN_NON_LITERAL_NULL_CONVERSION = YES;
				CLANG_WARN_OBJC_LITERAL_CONVERSION = YES;
				CLANG_WARN_OBJC_ROOT_CLASS = YES_ERROR;
				CLANG_WARN_RANGE_LOOP_ANALYSIS = YES;
				CLANG_WARN_STRICT_PROTOTYPES = YES;
				CLANG_WARN_SUSPICIOUS_MOVE = YES;
				CLANG_WARN_UNGUARDED_AVAILABILITY = YES_AGGRESSIVE;
				CLANG_WARN_UNREACHABLE_CODE = YES;
				CLANG_WARN__DUPLICATE_METHOD_MATCH = YES;
				CODE_SIGN_IDENTITY = "-";
				CODE_SIGN_STYLE = Automatic;
				COMBINE_HIDPI_IMAGES = YES;
				COPY_PHASE_STRIP = NO;
				DEBUG_INFORMATION_FORMAT = "dwarf-with-dsym";
				ENABLE_NS_ASSERTIONS = NO;
				ENABLE_STRICT_OBJC_MSGSEND = YES;
				GCC_C_LANGUAGE_STANDARD = gnu11;
				GCC_NO_COMMON_BLOCKS = YES;
				GCC_WARN_64_TO_32_BIT_CONVERSION = YES;
				GCC_WARN_ABOUT_RETURN_TYPE = YES_ERROR;
				GCC_WARN_UNDECLARED_SELECTOR = YES;
				GCC_WARN_UNINITIALIZED_AUTOS = YES_AGGRESSIVE;
				GCC_WARN_UNUSED_FUNCTION = YES;
				GCC_WARN_UNUSED_VARIABLE = YES;
				INFOPLIST_FILE = "Tests/Info-macOSTests.plist";
				LD_RUNPATH_SEARCH_PATHS = "$(inherited) @executable_path/../Frameworks @loader_path/../Frameworks";
				MACOSX_DEPLOYMENT_TARGET = 10.13;
				MTL_ENABLE_DEBUG_INFO = NO;
				PRODUCT_BUNDLE_IDENTIFIER = "com.joeblau.$(PROJECT_NAME)";
				PRODUCT_NAME = "$(PROJECT_NAME)Tests";
				SDKROOT = macosx;
				SWIFT_OPTIMIZATION_LEVEL = "-Owholemodule";
				SWIFT_VERSION = 4.0;
			};
			name = Release;
		};
/* End XCBuildConfiguration section */

/* Begin XCConfigurationList section */
		E6447F3420151DD50074E963 /* Build configuration list for PBXProject "CryptoExchange" */ = {
			isa = XCConfigurationList;
			buildConfigurations = (
				E6447F3520151DD50074E963 /* Debug */,
				E6447F3620151DD50074E963 /* Release */,
			);
			defaultConfigurationIsVisible = 0;
			defaultConfigurationName = Release;
		};
		E6447F52201521100074E963 /* Build configuration list for PBXNativeTarget "CryptoExchange iOS" */ = {
			isa = XCConfigurationList;
			buildConfigurations = (
				E6447F4E201521100074E963 /* Debug */,
				E6447F4F201521100074E963 /* Release */,
			);
			defaultConfigurationIsVisible = 0;
			defaultConfigurationName = Release;
		};
		E6447F53201521100074E963 /* Build configuration list for PBXNativeTarget "CryptoExchange iOSTests" */ = {
			isa = XCConfigurationList;
			buildConfigurations = (
				E6447F50201521100074E963 /* Debug */,
				E6447F51201521100074E963 /* Release */,
			);
			defaultConfigurationIsVisible = 0;
			defaultConfigurationName = Release;
		};
		E6447FBD201522EE0074E963 /* Build configuration list for PBXNativeTarget "CryptoExchange tvOS" */ = {
			isa = XCConfigurationList;
			buildConfigurations = (
				E6447FBE201522EE0074E963 /* Debug */,
				E6447FBF201522EE0074E963 /* Release */,
			);
			defaultConfigurationIsVisible = 0;
			defaultConfigurationName = Release;
		};
		E6447FC0201522EE0074E963 /* Build configuration list for PBXNativeTarget "CryptoExchange tvOSTests" */ = {
			isa = XCConfigurationList;
			buildConfigurations = (
				E6447FC1201522EE0074E963 /* Debug */,
				E6447FC2201522EE0074E963 /* Release */,
			);
			defaultConfigurationIsVisible = 0;
			defaultConfigurationName = Release;
		};
		E6447FD9201522FD0074E963 /* Build configuration list for PBXNativeTarget "CryptoExchange macOS" */ = {
			isa = XCConfigurationList;
			buildConfigurations = (
				E6447FDA201522FD0074E963 /* Debug */,
				E6447FDB201522FD0074E963 /* Release */,
			);
			defaultConfigurationIsVisible = 0;
			defaultConfigurationName = Release;
		};
		E6447FDC201522FD0074E963 /* Build configuration list for PBXNativeTarget "CryptoExchange macOSTests" */ = {
			isa = XCConfigurationList;
			buildConfigurations = (
				E6447FDD201522FD0074E963 /* Debug */,
				E6447FDE201522FD0074E963 /* Release */,
			);
			defaultConfigurationIsVisible = 0;
			defaultConfigurationName = Release;
		};
/* End XCConfigurationList section */
	};
	rootObject = E6447F3120151DD50074E963 /* Project object */;
}
